
Microsoft Visual Studio Solution File, Format Version 12.00
# Visual Studio Version 17
VisualStudioVersion = 17.12.35527.113
MinimumVisualStudioVersion = 10.0.40219.1
Project("{FAE04EC0-301F-11D3-BF4B-00C04F79EFBC}") = "CSharpBasics", "CSharpBasics\CSharpBasics.csproj", "{8A5D9D7D-9055-4CF8-B312-9F36B62C8DD4}"
EndProject
Project("{FAE04EC0-301F-11D3-BF4B-00C04F79EFBC}") = "Ex1-ControlFlow", "Ex1-ControlFlow\Ex1-ControlFlow.csproj", "{1B390155-0D8C-47D5-837F-F7B8AD3D3B5B}"
EndProject
Project("{FAE04EC0-301F-11D3-BF4B-00C04F79EFBC}") = "Ex2-ControlFlow", "Ex2-ControlFlow\Ex2-ControlFlow.csproj", "{2EE1D949-C667-48D9-B9E2-674B51B8A7FA}"
EndProject
Project("{FAE04EC0-301F-11D3-BF4B-00C04F79EFBC}") = "Ex3-ControlFlow", "Ex3-ControlFlow\Ex3-ControlFlow.csproj", "{DA87AAE7-3BE6-4304-A1D5-FC445ECEF952}"
EndProject
Project("{FAE04EC0-301F-11D3-BF4B-00C04F79EFBC}") = "Ex4ControlFlow", "Ex4ControlFlow\Ex4ControlFlow.csproj", "{84F745BB-A5D2-41DB-8B92-7B75185AB315}"
EndProject
Project("{FAE04EC0-301F-11D3-BF4B-00C04F79EFBC}") = "Ex5-ControlFlow", "Ex5-ControlFlow\Ex5-ControlFlow.csproj", "{3C3E3427-E9F8-4F24-921A-0164AC062143}"
EndProject
Project("{FAE04EC0-301F-11D3-BF4B-00C04F79EFBC}") = "Ex6-ControlFlow", "Ex6-ControlFlow\Ex6-ControlFlow.csproj", "{B34D692D-1DF6-458B-A6A5-E8E143DE288F}"
EndProject
Project("{FAE04EC0-301F-11D3-BF4B-00C04F79EFBC}") = "Ex7-ControlFlow", "Ex7-ControlFlow\Ex7-ControlFlow.csproj", "{BAC1602F-2A7E-422F-8F06-527E62D8FC8A}"
EndProject
Project("{FAE04EC0-301F-11D3-BF4B-00C04F79EFBC}") = "Ex8-ControlFlow", "Ex8-ControlFlow\Ex8-ControlFlow.csproj", "{02C257D2-8B69-4F78-B05F-BDD3A75E7E32}"
EndProject
Project("{FAE04EC0-301F-11D3-BF4B-00C04F79EFBC}") = "Ex9-ControlFlow", "Ex9-ControlFlow\Ex9-ControlFlow.csproj", "{B36C5B06-AD74-4B36-BA7E-3959420A45DF}"
EndProject
Project("{FAE04EC0-301F-11D3-BF4B-00C04F79EFBC}") = "Ex1-Array_List", "Ex1-Array_List\Ex1-Array_List.csproj", "{D6FBB9C3-9D48-4F9D-9905-FC931E1A8F3F}"
EndProject
Project("{FAE04EC0-301F-11D3-BF4B-00C04F79EFBC}") = "Ex2-Array_List", "Ex2-Array_List\Ex2-Array_List.csproj", "{F32362DB-1127-4915-9A93-A3CD351DBE36}"
EndProject
Global
	GlobalSection(SolutionConfigurationPlatforms) = preSolution
		Debug|Any CPU = Debug|Any CPU
		Release|Any CPU = Release|Any CPU
	EndGlobalSection
	GlobalSection(ProjectConfigurationPlatforms) = postSolution
		{8A5D9D7D-9055-4CF8-B312-9F36B62C8DD4}.Debug|Any CPU.ActiveCfg = Debug|Any CPU
		{8A5D9D7D-9055-4CF8-B312-9F36B62C8DD4}.Debug|Any CPU.Build.0 = Debug|Any CPU
		{8A5D9D7D-9055-4CF8-B312-9F36B62C8DD4}.Release|Any CPU.ActiveCfg = Release|Any CPU
		{8A5D9D7D-9055-4CF8-B312-9F36B62C8DD4}.Release|Any CPU.Build.0 = Release|Any CPU
		{1B390155-0D8C-47D5-837F-F7B8AD3D3B5B}.Debug|Any CPU.ActiveCfg = Debug|Any CPU
		{1B390155-0D8C-47D5-837F-F7B8AD3D3B5B}.Debug|Any CPU.Build.0 = Debug|Any CPU
		{1B390155-0D8C-47D5-837F-F7B8AD3D3B5B}.Release|Any CPU.ActiveCfg = Release|Any CPU
		{1B390155-0D8C-47D5-837F-F7B8AD3D3B5B}.Release|Any CPU.Build.0 = Release|Any CPU
		{2EE1D949-C667-48D9-B9E2-674B51B8A7FA}.Debug|Any CPU.ActiveCfg = Debug|Any CPU
		{2EE1D949-C667-48D9-B9E2-674B51B8A7FA}.Debug|Any CPU.Build.0 = Debug|Any CPU
		{2EE1D949-C667-48D9-B9E2-674B51B8A7FA}.Release|Any CPU.ActiveCfg = Release|Any CPU
		{2EE1D949-C667-48D9-B9E2-674B51B8A7FA}.Release|Any CPU.Build.0 = Release|Any CPU
		{DA87AAE7-3BE6-4304-A1D5-FC445ECEF952}.Debug|Any CPU.ActiveCfg = Debug|Any CPU
		{DA87AAE7-3BE6-4304-A1D5-FC445ECEF952}.Debug|Any CPU.Build.0 = Debug|Any CPU
		{DA87AAE7-3BE6-4304-A1D5-FC445ECEF952}.Release|Any CPU.ActiveCfg = Release|Any CPU
		{DA87AAE7-3BE6-4304-A1D5-FC445ECEF952}.Release|Any CPU.Build.0 = Release|Any CPU
		{84F745BB-A5D2-41DB-8B92-7B75185AB315}.Debug|Any CPU.ActiveCfg = Debug|Any CPU
		{84F745BB-A5D2-41DB-8B92-7B75185AB315}.Debug|Any CPU.Build.0 = Debug|Any CPU
		{84F745BB-A5D2-41DB-8B92-7B75185AB315}.Release|Any CPU.ActiveCfg = Release|Any CPU
		{84F745BB-A5D2-41DB-8B92-7B75185AB315}.Release|Any CPU.Build.0 = Release|Any CPU
		{3C3E3427-E9F8-4F24-921A-0164AC062143}.Debug|Any CPU.ActiveCfg = Debug|Any CPU
		{3C3E3427-E9F8-4F24-921A-0164AC062143}.Debug|Any CPU.Build.0 = Debug|Any CPU
		{3C3E3427-E9F8-4F24-921A-0164AC062143}.Release|Any CPU.ActiveCfg = Release|Any CPU
		{3C3E3427-E9F8-4F24-921A-0164AC062143}.Release|Any CPU.Build.0 = Release|Any CPU
		{B34D692D-1DF6-458B-A6A5-E8E143DE288F}.Debug|Any CPU.ActiveCfg = Debug|Any CPU
		{B34D692D-1DF6-458B-A6A5-E8E143DE288F}.Debug|Any CPU.Build.0 = Debug|Any CPU
		{B34D692D-1DF6-458B-A6A5-E8E143DE288F}.Release|Any CPU.ActiveCfg = Release|Any CPU
		{B34D692D-1DF6-458B-A6A5-E8E143DE288F}.Release|Any CPU.Build.0 = Release|Any CPU
		{BAC1602F-2A7E-422F-8F06-527E62D8FC8A}.Debug|Any CPU.ActiveCfg = Debug|Any CPU
		{BAC1602F-2A7E-422F-8F06-527E62D8FC8A}.Debug|Any CPU.Build.0 = Debug|Any CPU
		{BAC1602F-2A7E-422F-8F06-527E62D8FC8A}.Release|Any CPU.ActiveCfg = Release|Any CPU
		{BAC1602F-2A7E-422F-8F06-527E62D8FC8A}.Release|Any CPU.Build.0 = Release|Any CPU
		{02C257D2-8B69-4F78-B05F-BDD3A75E7E32}.Debug|Any CPU.ActiveCfg = Debug|Any CPU
		{02C257D2-8B69-4F78-B05F-BDD3A75E7E32}.Debug|Any CPU.Build.0 = Debug|Any CPU
		{02C257D2-8B69-4F78-B05F-BDD3A75E7E32}.Release|Any CPU.ActiveCfg = Release|Any CPU
		{02C257D2-8B69-4F78-B05F-BDD3A75E7E32}.Release|Any CPU.Build.0 = Release|Any CPU
		{B36C5B06-AD74-4B36-BA7E-3959420A45DF}.Debug|Any CPU.ActiveCfg = Debug|Any CPU
		{B36C5B06-AD74-4B36-BA7E-3959420A45DF}.Debug|Any CPU.Build.0 = Debug|Any CPU
		{B36C5B06-AD74-4B36-BA7E-3959420A45DF}.Release|Any CPU.ActiveCfg = Release|Any CPU
		{B36C5B06-AD74-4B36-BA7E-3959420A45DF}.Release|Any CPU.Build.0 = Release|Any CPU
		{D6FBB9C3-9D48-4F9D-9905-FC931E1A8F3F}.Debug|Any CPU.ActiveCfg = Debug|Any CPU
		{D6FBB9C3-9D48-4F9D-9905-FC931E1A8F3F}.Debug|Any CPU.Build.0 = Debug|Any CPU
		{D6FBB9C3-9D48-4F9D-9905-FC931E1A8F3F}.Release|Any CPU.ActiveCfg = Release|Any CPU
		{D6FBB9C3-9D48-4F9D-9905-FC931E1A8F3F}.Release|Any CPU.Build.0 = Release|Any CPU
		{F32362DB-1127-4915-9A93-A3CD351DBE36}.Debug|Any CPU.ActiveCfg = Debug|Any CPU
		{F32362DB-1127-4915-9A93-A3CD351DBE36}.Debug|Any CPU.Build.0 = Debug|Any CPU
		{F32362DB-1127-4915-9A93-A3CD351DBE36}.Release|Any CPU.ActiveCfg = Release|Any CPU
		{F32362DB-1127-4915-9A93-A3CD351DBE36}.Release|Any CPU.Build.0 = Release|Any CPU
	EndGlobalSection
	GlobalSection(SolutionProperties) = preSolution
		HideSolutionNode = FALSE
	EndGlobalSection
EndGlobal
